{
  "name": "wasmboyexam",
  "version": "1.0.0",
  "lockfileVersion": 1,
  "requires": true,
  "dependencies": {
    "idb": {
      "version": "2.1.3",
      "resolved": "https://registry.npmjs.org/idb/-/idb-2.1.3.tgz",
      "integrity": "sha512-1He6QAuavrD38HCiJasi4lEEK87Y22ldFuM+ZHkp433n4Fd5jXjWKutClYFp8w4mgx3zgrjnWxL8dpjMzcQ+WQ=="
    },
    "performance-now": {
      "version": "2.1.0",
      "resolved": "https://registry.npmjs.org/performance-now/-/performance-now-2.1.0.tgz",
      "integrity": "sha1-Ywn04OX6kT7BxpMHrjZLSzd8nns="
    },
    "raf": {
      "version": "3.4.1",
      "resolved": "https://registry.npmjs.org/raf/-/raf-3.4.1.tgz",
      "integrity": "sha512-Sq4CW4QhwOHE8ucn6J34MqtZCeWFP2aQSmrlroYgqAV1PjStIhJXxYuTgUIfkEk7zTLjmIjLmU5q+fbD1NnOJA==",
      "requires": {
        "performance-now": "^2.1.0"
      }
    },
    "responsive-gamepad": {
      "version": "1.1.0",
      "resolved": "https://registry.npmjs.org/responsive-gamepad/-/responsive-gamepad-1.1.0.tgz",
      "integrity": "sha512-njsJuKvany9eYjywXm8iorTeXeAAPqwMNaRWOo8jlh0iQboXgGPf6Z6bLGntELrfU+vR94jTPJYRW0Zzb2gaRA=="
    },
    "wasmboy": {
      "version": "0.5.0",
      "resolved": "https://registry.npmjs.org/wasmboy/-/wasmboy-0.5.0.tgz",
      "integrity": "sha512-RXywsravLNkR3O7WRMT40OFtsxgpnjIpg6JC2HH4e8+zRdMV5RdCF70wCBfq4PEzGds4Vdrb32qfX3eNLXFsXA==",
      "requires": {
        "idb": "^2.1.3",
        "raf": "^3.4.0",
        "responsive-gamepad": "1.1.0"
      },
      "dependencies": {
        "audiobuffer-to-wav": {
          "version": "git+https://github.com/torch2424/audiobuffer-to-wav.git#8878a20c5cc7e457b113dabfb1781ad4178f9c62",
          "from": "git+https://github.com/torch2424/audiobuffer-to-wav.git#8878a20c5cc7e457b113dabfb1781ad4178f9c62"
        }
      }
    }
  }
}
